
Microsoft Visual Studio Solution File, Format Version 11.00
# Visual Studio 2010
Project("{FAE04EC0-301F-11D3-BF4B-00C04F79EFBC}") = "UnityEngine.UI", "UnityEngine.UI.csproj", "{7bc6b08c-4b24-842c-6b47-56fca18249d0}"
EndProject
Project("{FAE04EC0-301F-11D3-BF4B-00C04F79EFBC}") = "NRSDK", "NRSDK.csproj", "{e7bf365d-49f8-8fe8-6707-9dc66cad7f85}"
EndProject
Project("{FAE04EC0-301F-11D3-BF4B-00C04F79EFBC}") = "UnityEngine.TestRunner", "UnityEngine.TestRunner.csproj", "{5203e60b-688b-8dbc-9a34-855cbc776162}"
EndProject
Project("{FAE04EC0-301F-11D3-BF4B-00C04F79EFBC}") = "Unity.VisualScripting.Flow", "Unity.VisualScripting.Flow.csproj", "{62f31bbf-6efa-cbe4-8335-76f5adde69e4}"
EndProject
Project("{FAE04EC0-301F-11D3-BF4B-00C04F79EFBC}") = "Unity.Services.Core.Telemetry", "Unity.Services.Core.Telemetry.csproj", "{063a5e58-f69c-8270-e57b-0d6119164067}"
EndProject
Project("{FAE04EC0-301F-11D3-BF4B-00C04F79EFBC}") = "Unity.VisualScripting.State", "Unity.VisualScripting.State.csproj", "{0c6180ff-70b0-a15d-9e73-3642ec5394d5}"
EndProject
Project("{FAE04EC0-301F-11D3-BF4B-00C04F79EFBC}") = "Unity.VisualScripting.Core", "Unity.VisualScripting.Core.csproj", "{88787d42-4f55-309c-cc75-ddbce085dd9a}"
EndProject
Project("{FAE04EC0-301F-11D3-BF4B-00C04F79EFBC}") = "Unity.Services.Core.Environments.Internal", "Unity.Services.Core.Environments.Internal.csproj", "{0bc18fa1-60b9-991e-e8e7-9079ff224ba3}"
EndProject
Project("{FAE04EC0-301F-11D3-BF4B-00C04F79EFBC}") = "Unity.TextMeshPro", "Unity.TextMeshPro.csproj", "{98c2c471-b448-2b28-f2b6-3b38575dfed1}"
EndProject
Project("{FAE04EC0-301F-11D3-BF4B-00C04F79EFBC}") = "Unity.Timeline", "Unity.Timeline.csproj", "{31021e66-922b-9ad6-5735-ad54a13b7553}"
EndProject
Project("{FAE04EC0-301F-11D3-BF4B-00C04F79EFBC}") = "Assembly-CSharp", "Assembly-CSharp.csproj", "{a33c91b0-b959-c80d-b5f8-5badd641f9b1}"
EndProject
Project("{FAE04EC0-301F-11D3-BF4B-00C04F79EFBC}") = "Unity.Services.Core.Environments", "Unity.Services.Core.Environments.csproj", "{773f10c8-6b2b-8238-9b44-e5cf66c2101d}"
EndProject
Project("{FAE04EC0-301F-11D3-BF4B-00C04F79EFBC}") = "Unity.Services.Core.Internal", "Unity.Services.Core.Internal.csproj", "{15a0c245-cf82-6a72-5032-0cbf93d914c8}"
EndProject
Project("{FAE04EC0-301F-11D3-BF4B-00C04F79EFBC}") = "Unity.Services.Core.Analytics", "Unity.Services.Core.Analytics.csproj", "{e749b933-08d1-68cc-a74a-7831bd8dec8c}"
EndProject
Project("{FAE04EC0-301F-11D3-BF4B-00C04F79EFBC}") = "Unity.Services.Core.Scheduler", "Unity.Services.Core.Scheduler.csproj", "{93cacbc2-3c02-5a35-3c25-962f7a42cdaf}"
EndProject
Project("{FAE04EC0-301F-11D3-BF4B-00C04F79EFBC}") = "Unity.Services.Core.Registration", "Unity.Services.Core.Registration.csproj", "{7a5c8f34-97e4-abe9-0c90-a9873ab34274}"
EndProject
Project("{FAE04EC0-301F-11D3-BF4B-00C04F79EFBC}") = "Unity.Services.Core.Device", "Unity.Services.Core.Device.csproj", "{a39983d8-5463-915d-37be-663545543195}"
EndProject
Project("{FAE04EC0-301F-11D3-BF4B-00C04F79EFBC}") = "Unity.Services.Core.Threading", "Unity.Services.Core.Threading.csproj", "{463fb751-d7a3-44c2-5790-5b2cbdf07c30}"
EndProject
Project("{FAE04EC0-301F-11D3-BF4B-00C04F79EFBC}") = "Unity.Services.Core.Networking", "Unity.Services.Core.Networking.csproj", "{31727fdf-1b17-1116-d76f-47ec7209bf98}"
EndProject
Project("{FAE04EC0-301F-11D3-BF4B-00C04F79EFBC}") = "Unity.Services.Core", "Unity.Services.Core.csproj", "{5e8780f6-8c13-9153-d544-ea9a5f256376}"
EndProject
Project("{FAE04EC0-301F-11D3-BF4B-00C04F79EFBC}") = "Unity.Services.Core.Configuration", "Unity.Services.Core.Configuration.csproj", "{553d81b6-8c24-f205-3167-aebdc220dfac}"
EndProject
Project("{FAE04EC0-301F-11D3-BF4B-00C04F79EFBC}") = "Unity.PlasticSCM.Editor", "Unity.PlasticSCM.Editor.csproj", "{278dad08-61a5-9da9-8d93-7bb0a4932604}"
EndProject
Project("{FAE04EC0-301F-11D3-BF4B-00C04F79EFBC}") = "Unity.VisualScripting.Core.Editor", "Unity.VisualScripting.Core.Editor.csproj", "{c8444a42-0593-9b39-8b95-2be410681642}"
EndProject
Project("{FAE04EC0-301F-11D3-BF4B-00C04F79EFBC}") = "Unity.VisualScripting.Flow.Editor", "Unity.VisualScripting.Flow.Editor.csproj", "{3587efb9-3806-3ca5-80d1-702249525b62}"
EndProject
Project("{FAE04EC0-301F-11D3-BF4B-00C04F79EFBC}") = "Unity.VisualStudio.Editor", "Unity.VisualStudio.Editor.csproj", "{289d4580-c7d0-79c2-7ad3-ba72ffdc07d6}"
EndProject
Project("{FAE04EC0-301F-11D3-BF4B-00C04F79EFBC}") = "Unity.Timeline.Editor", "Unity.Timeline.Editor.csproj", "{a2429ea9-9ae3-c33d-c2ee-a1790b8ababa}"
EndProject
Project("{FAE04EC0-301F-11D3-BF4B-00C04F79EFBC}") = "Unity.VisualScripting.State.Editor", "Unity.VisualScripting.State.Editor.csproj", "{a6c00c90-e53e-2be4-3910-27dc953a1950}"
EndProject
Project("{FAE04EC0-301F-11D3-BF4B-00C04F79EFBC}") = "Unity.TextMeshPro.Editor", "Unity.TextMeshPro.Editor.csproj", "{033373af-a983-38e6-016b-744f512fbf68}"
EndProject
Project("{FAE04EC0-301F-11D3-BF4B-00C04F79EFBC}") = "NRSDKEditor", "NRSDKEditor.csproj", "{5e0e4d4f-1db6-d134-5291-3ca2037e0a50}"
EndProject
Project("{FAE04EC0-301F-11D3-BF4B-00C04F79EFBC}") = "Unity.VisualScripting.SettingsProvider.Editor", "Unity.VisualScripting.SettingsProvider.Editor.csproj", "{19256bf9-ffb5-0b80-1e2c-a492c9987886}"
EndProject
Project("{FAE04EC0-301F-11D3-BF4B-00C04F79EFBC}") = "Unity.CollabProxy.Editor", "Unity.CollabProxy.Editor.csproj", "{0812aead-aee2-52e7-66ea-c7e48a2d7957}"
EndProject
Project("{FAE04EC0-301F-11D3-BF4B-00C04F79EFBC}") = "UnityEditor.TestRunner", "UnityEditor.TestRunner.csproj", "{d7e068eb-298d-e0b5-d1ed-2244d3577e08}"
EndProject
Project("{FAE04EC0-301F-11D3-BF4B-00C04F79EFBC}") = "Unity.Services.Core.Editor", "Unity.Services.Core.Editor.csproj", "{687553a2-8a56-5dc1-ece9-43231756c2e8}"
EndProject
Project("{FAE04EC0-301F-11D3-BF4B-00C04F79EFBC}") = "Unity.TestTools.CodeCoverage.Editor", "Unity.TestTools.CodeCoverage.Editor.csproj", "{b410e728-5ea5-d8fb-68f4-4fe417b0d322}"
EndProject
Project("{FAE04EC0-301F-11D3-BF4B-00C04F79EFBC}") = "Unity.Rider.Editor", "Unity.Rider.Editor.csproj", "{617a91fe-f531-14ec-b5af-55fd105e4261}"
EndProject
Project("{FAE04EC0-301F-11D3-BF4B-00C04F79EFBC}") = "Unity.Performance.Profile-Analyzer.Editor", "Unity.Performance.Profile-Analyzer.Editor.csproj", "{dc811dfc-a1a6-885d-b85a-70238f6cc9ea}"
EndProject
Project("{FAE04EC0-301F-11D3-BF4B-00C04F79EFBC}") = "Unity.VSCode.Editor", "Unity.VSCode.Editor.csproj", "{999ecca1-a772-b686-3fdc-651c99763535}"
EndProject
Project("{FAE04EC0-301F-11D3-BF4B-00C04F79EFBC}") = "UnityEditor.UI", "UnityEditor.UI.csproj", "{b591ca82-f722-272a-faa3-fdc181c2c4fd}"
EndProject
Project("{FAE04EC0-301F-11D3-BF4B-00C04F79EFBC}") = "Unity.TestTools.CodeCoverage.Editor.OpenCover.Model", "Unity.TestTools.CodeCoverage.Editor.OpenCover.Model.csproj", "{8b1604cc-daf9-712a-5dd8-3ff97e4ff8b9}"
EndProject
Project("{FAE04EC0-301F-11D3-BF4B-00C04F79EFBC}") = "Unity.EditorCoroutines.Editor", "Unity.EditorCoroutines.Editor.csproj", "{6d34c9f5-903b-6383-f405-645697c86828}"
EndProject
Project("{FAE04EC0-301F-11D3-BF4B-00C04F79EFBC}") = "Unity.Settings.Editor", "Unity.Settings.Editor.csproj", "{94e33665-d77f-e1e7-0a14-11807bf5144d}"
EndProject
Project("{FAE04EC0-301F-11D3-BF4B-00C04F79EFBC}") = "Unity.Services.Core.Configuration.Editor", "Unity.Services.Core.Configuration.Editor.csproj", "{10a14ed1-59a1-1436-4f6b-608528320799}"
EndProject
Project("{FAE04EC0-301F-11D3-BF4B-00C04F79EFBC}") = "Unity.TestTools.CodeCoverage.Editor.OpenCover.Mono.Reflection", "Unity.TestTools.CodeCoverage.Editor.OpenCover.Mono.Reflection.csproj", "{5ba93ccf-9f3f-e9b4-e4a3-b73d61ca7ea3}"
EndProject
Project("{FAE04EC0-301F-11D3-BF4B-00C04F79EFBC}") = "Unity.VisualScripting.Shared.Editor", "Unity.VisualScripting.Shared.Editor.csproj", "{94efe256-0e9a-ef8c-a434-8072aa041274}"
EndProject
Global
	GlobalSection(SolutionConfigurationPlatforms) = preSolution
		Debug|Any CPU = Debug|Any CPU
	EndGlobalSection
	GlobalSection(ProjectConfigurationPlatforms) = postSolution
		{7bc6b08c-4b24-842c-6b47-56fca18249d0}.Debug|Any CPU.ActiveCfg = Debug|Any CPU
		{7bc6b08c-4b24-842c-6b47-56fca18249d0}.Debug|Any CPU.Build.0 = Debug|Any CPU
		{e7bf365d-49f8-8fe8-6707-9dc66cad7f85}.Debug|Any CPU.ActiveCfg = Debug|Any CPU
		{e7bf365d-49f8-8fe8-6707-9dc66cad7f85}.Debug|Any CPU.Build.0 = Debug|Any CPU
		{5203e60b-688b-8dbc-9a34-855cbc776162}.Debug|Any CPU.ActiveCfg = Debug|Any CPU
		{5203e60b-688b-8dbc-9a34-855cbc776162}.Debug|Any CPU.Build.0 = Debug|Any CPU
		{62f31bbf-6efa-cbe4-8335-76f5adde69e4}.Debug|Any CPU.ActiveCfg = Debug|Any CPU
		{62f31bbf-6efa-cbe4-8335-76f5adde69e4}.Debug|Any CPU.Build.0 = Debug|Any CPU
		{063a5e58-f69c-8270-e57b-0d6119164067}.Debug|Any CPU.ActiveCfg = Debug|Any CPU
		{063a5e58-f69c-8270-e57b-0d6119164067}.Debug|Any CPU.Build.0 = Debug|Any CPU
		{0c6180ff-70b0-a15d-9e73-3642ec5394d5}.Debug|Any CPU.ActiveCfg = Debug|Any CPU
		{0c6180ff-70b0-a15d-9e73-3642ec5394d5}.Debug|Any CPU.Build.0 = Debug|Any CPU
		{88787d42-4f55-309c-cc75-ddbce085dd9a}.Debug|Any CPU.ActiveCfg = Debug|Any CPU
		{88787d42-4f55-309c-cc75-ddbce085dd9a}.Debug|Any CPU.Build.0 = Debug|Any CPU
		{0bc18fa1-60b9-991e-e8e7-9079ff224ba3}.Debug|Any CPU.ActiveCfg = Debug|Any CPU
		{0bc18fa1-60b9-991e-e8e7-9079ff224ba3}.Debug|Any CPU.Build.0 = Debug|Any CPU
		{98c2c471-b448-2b28-f2b6-3b38575dfed1}.Debug|Any CPU.ActiveCfg = Debug|Any CPU
		{98c2c471-b448-2b28-f2b6-3b38575dfed1}.Debug|Any CPU.Build.0 = Debug|Any CPU
		{31021e66-922b-9ad6-5735-ad54a13b7553}.Debug|Any CPU.ActiveCfg = Debug|Any CPU
		{31021e66-922b-9ad6-5735-ad54a13b7553}.Debug|Any CPU.Build.0 = Debug|Any CPU
		{a33c91b0-b959-c80d-b5f8-5badd641f9b1}.Debug|Any CPU.ActiveCfg = Debug|Any CPU
		{a33c91b0-b959-c80d-b5f8-5badd641f9b1}.Debug|Any CPU.Build.0 = Debug|Any CPU
		{773f10c8-6b2b-8238-9b44-e5cf66c2101d}.Debug|Any CPU.ActiveCfg = Debug|Any CPU
		{773f10c8-6b2b-8238-9b44-e5cf66c2101d}.Debug|Any CPU.Build.0 = Debug|Any CPU
		{15a0c245-cf82-6a72-5032-0cbf93d914c8}.Debug|Any CPU.ActiveCfg = Debug|Any CPU
		{15a0c245-cf82-6a72-5032-0cbf93d914c8}.Debug|Any CPU.Build.0 = Debug|Any CPU
		{e749b933-08d1-68cc-a74a-7831bd8dec8c}.Debug|Any CPU.ActiveCfg = Debug|Any CPU
		{e749b933-08d1-68cc-a74a-7831bd8dec8c}.Debug|Any CPU.Build.0 = Debug|Any CPU
		{93cacbc2-3c02-5a35-3c25-962f7a42cdaf}.Debug|Any CPU.ActiveCfg = Debug|Any CPU
		{93cacbc2-3c02-5a35-3c25-962f7a42cdaf}.Debug|Any CPU.Build.0 = Debug|Any CPU
		{7a5c8f34-97e4-abe9-0c90-a9873ab34274}.Debug|Any CPU.ActiveCfg = Debug|Any CPU
		{7a5c8f34-97e4-abe9-0c90-a9873ab34274}.Debug|Any CPU.Build.0 = Debug|Any CPU
		{a39983d8-5463-915d-37be-663545543195}.Debug|Any CPU.ActiveCfg = Debug|Any CPU
		{a39983d8-5463-915d-37be-663545543195}.Debug|Any CPU.Build.0 = Debug|Any CPU
		{463fb751-d7a3-44c2-5790-5b2cbdf07c30}.Debug|Any CPU.ActiveCfg = Debug|Any CPU
		{463fb751-d7a3-44c2-5790-5b2cbdf07c30}.Debug|Any CPU.Build.0 = Debug|Any CPU
		{31727fdf-1b17-1116-d76f-47ec7209bf98}.Debug|Any CPU.ActiveCfg = Debug|Any CPU
		{31727fdf-1b17-1116-d76f-47ec7209bf98}.Debug|Any CPU.Build.0 = Debug|Any CPU
		{5e8780f6-8c13-9153-d544-ea9a5f256376}.Debug|Any CPU.ActiveCfg = Debug|Any CPU
		{5e8780f6-8c13-9153-d544-ea9a5f256376}.Debug|Any CPU.Build.0 = Debug|Any CPU
		{553d81b6-8c24-f205-3167-aebdc220dfac}.Debug|Any CPU.ActiveCfg = Debug|Any CPU
		{553d81b6-8c24-f205-3167-aebdc220dfac}.Debug|Any CPU.Build.0 = Debug|Any CPU
		{278dad08-61a5-9da9-8d93-7bb0a4932604}.Debug|Any CPU.ActiveCfg = Debug|Any CPU
		{278dad08-61a5-9da9-8d93-7bb0a4932604}.Debug|Any CPU.Build.0 = Debug|Any CPU
		{c8444a42-0593-9b39-8b95-2be410681642}.Debug|Any CPU.ActiveCfg = Debug|Any CPU
		{c8444a42-0593-9b39-8b95-2be410681642}.Debug|Any CPU.Build.0 = Debug|Any CPU
		{3587efb9-3806-3ca5-80d1-702249525b62}.Debug|Any CPU.ActiveCfg = Debug|Any CPU
		{3587efb9-3806-3ca5-80d1-702249525b62}.Debug|Any CPU.Build.0 = Debug|Any CPU
		{289d4580-c7d0-79c2-7ad3-ba72ffdc07d6}.Debug|Any CPU.ActiveCfg = Debug|Any CPU
		{289d4580-c7d0-79c2-7ad3-ba72ffdc07d6}.Debug|Any CPU.Build.0 = Debug|Any CPU
		{a2429ea9-9ae3-c33d-c2ee-a1790b8ababa}.Debug|Any CPU.ActiveCfg = Debug|Any CPU
		{a2429ea9-9ae3-c33d-c2ee-a1790b8ababa}.Debug|Any CPU.Build.0 = Debug|Any CPU
		{a6c00c90-e53e-2be4-3910-27dc953a1950}.Debug|Any CPU.ActiveCfg = Debug|Any CPU
		{a6c00c90-e53e-2be4-3910-27dc953a1950}.Debug|Any CPU.Build.0 = Debug|Any CPU
		{033373af-a983-38e6-016b-744f512fbf68}.Debug|Any CPU.ActiveCfg = Debug|Any CPU
		{033373af-a983-38e6-016b-744f512fbf68}.Debug|Any CPU.Build.0 = Debug|Any CPU
		{5e0e4d4f-1db6-d134-5291-3ca2037e0a50}.Debug|Any CPU.ActiveCfg = Debug|Any CPU
		{5e0e4d4f-1db6-d134-5291-3ca2037e0a50}.Debug|Any CPU.Build.0 = Debug|Any CPU
		{19256bf9-ffb5-0b80-1e2c-a492c9987886}.Debug|Any CPU.ActiveCfg = Debug|Any CPU
		{19256bf9-ffb5-0b80-1e2c-a492c9987886}.Debug|Any CPU.Build.0 = Debug|Any CPU
		{0812aead-aee2-52e7-66ea-c7e48a2d7957}.Debug|Any CPU.ActiveCfg = Debug|Any CPU
		{0812aead-aee2-52e7-66ea-c7e48a2d7957}.Debug|Any CPU.Build.0 = Debug|Any CPU
		{d7e068eb-298d-e0b5-d1ed-2244d3577e08}.Debug|Any CPU.ActiveCfg = Debug|Any CPU
		{d7e068eb-298d-e0b5-d1ed-2244d3577e08}.Debug|Any CPU.Build.0 = Debug|Any CPU
		{687553a2-8a56-5dc1-ece9-43231756c2e8}.Debug|Any CPU.ActiveCfg = Debug|Any CPU
		{687553a2-8a56-5dc1-ece9-43231756c2e8}.Debug|Any CPU.Build.0 = Debug|Any CPU
		{b410e728-5ea5-d8fb-68f4-4fe417b0d322}.Debug|Any CPU.ActiveCfg = Debug|Any CPU
		{b410e728-5ea5-d8fb-68f4-4fe417b0d322}.Debug|Any CPU.Build.0 = Debug|Any CPU
		{617a91fe-f531-14ec-b5af-55fd105e4261}.Debug|Any CPU.ActiveCfg = Debug|Any CPU
		{617a91fe-f531-14ec-b5af-55fd105e4261}.Debug|Any CPU.Build.0 = Debug|Any CPU
		{dc811dfc-a1a6-885d-b85a-70238f6cc9ea}.Debug|Any CPU.ActiveCfg = Debug|Any CPU
		{dc811dfc-a1a6-885d-b85a-70238f6cc9ea}.Debug|Any CPU.Build.0 = Debug|Any CPU
		{999ecca1-a772-b686-3fdc-651c99763535}.Debug|Any CPU.ActiveCfg = Debug|Any CPU
		{999ecca1-a772-b686-3fdc-651c99763535}.Debug|Any CPU.Build.0 = Debug|Any CPU
		{b591ca82-f722-272a-faa3-fdc181c2c4fd}.Debug|Any CPU.ActiveCfg = Debug|Any CPU
		{b591ca82-f722-272a-faa3-fdc181c2c4fd}.Debug|Any CPU.Build.0 = Debug|Any CPU
		{8b1604cc-daf9-712a-5dd8-3ff97e4ff8b9}.Debug|Any CPU.ActiveCfg = Debug|Any CPU
		{8b1604cc-daf9-712a-5dd8-3ff97e4ff8b9}.Debug|Any CPU.Build.0 = Debug|Any CPU
		{6d34c9f5-903b-6383-f405-645697c86828}.Debug|Any CPU.ActiveCfg = Debug|Any CPU
		{6d34c9f5-903b-6383-f405-645697c86828}.Debug|Any CPU.Build.0 = Debug|Any CPU
		{94e33665-d77f-e1e7-0a14-11807bf5144d}.Debug|Any CPU.ActiveCfg = Debug|Any CPU
		{94e33665-d77f-e1e7-0a14-11807bf5144d}.Debug|Any CPU.Build.0 = Debug|Any CPU
		{10a14ed1-59a1-1436-4f6b-608528320799}.Debug|Any CPU.ActiveCfg = Debug|Any CPU
		{10a14ed1-59a1-1436-4f6b-608528320799}.Debug|Any CPU.Build.0 = Debug|Any CPU
		{5ba93ccf-9f3f-e9b4-e4a3-b73d61ca7ea3}.Debug|Any CPU.ActiveCfg = Debug|Any CPU
		{5ba93ccf-9f3f-e9b4-e4a3-b73d61ca7ea3}.Debug|Any CPU.Build.0 = Debug|Any CPU
		{94efe256-0e9a-ef8c-a434-8072aa041274}.Debug|Any CPU.ActiveCfg = Debug|Any CPU
		{94efe256-0e9a-ef8c-a434-8072aa041274}.Debug|Any CPU.Build.0 = Debug|Any CPU
	EndGlobalSection
	GlobalSection(SolutionProperties) = preSolution
		HideSolutionNode = FALSE
	EndGlobalSection
EndGlobal
